// !$*UTF8*$!
{
	archiveVersion = 1;
	classes = {
	};
	objectVersion = 46;
	objects = {

/* Begin PBXBuildFile section */
		4903DC341BFF45FB0090B2CF /* Client.swift in Sources */ = {isa = PBXBuildFile; fileRef = 49D924D21BFE4B5E00F7E0C2 /* Client.swift */; };
		490D872A1BFDDCD200ADE0F1 /* HarvestKit-iOS.h in Headers */ = {isa = PBXBuildFile; fileRef = 490D87291BFDDCD200ADE0F1 /* HarvestKit-iOS.h */; settings = {ATTRIBUTES = (Public, ); }; };
		490D87391BFDDD3000ADE0F1 /* HarvestKit-tvOS.h in Headers */ = {isa = PBXBuildFile; fileRef = 490D87381BFDDD3000ADE0F1 /* HarvestKit-tvOS.h */; settings = {ATTRIBUTES = (Public, ); }; };
		4918087D1BFDDDFF00B69D28 /* ThunderRequest.framework in Frameworks */ = {isa = PBXBuildFile; fileRef = 490D87451BFDDD4800ADE0F1 /* ThunderRequest.framework */; };
		4918087E1BFDDE0200B69D28 /* ThunderRequestTV.framework in Frameworks */ = {isa = PBXBuildFile; fileRef = 490D87491BFDDD4800ADE0F1 /* ThunderRequestTV.framework */; };
		491808841BFDDEE100B69D28 /* HarvestController.swift in Sources */ = {isa = PBXBuildFile; fileRef = 491808831BFDDEE100B69D28 /* HarvestController.swift */; };
		491808851BFDDEE100B69D28 /* HarvestController.swift in Sources */ = {isa = PBXBuildFile; fileRef = 491808831BFDDEE100B69D28 /* HarvestController.swift */; };
		491808871BFDE08F00B69D28 /* User.swift in Sources */ = {isa = PBXBuildFile; fileRef = 491808861BFDE08F00B69D28 /* User.swift */; };
		491808881BFDE08F00B69D28 /* User.swift in Sources */ = {isa = PBXBuildFile; fileRef = 491808861BFDE08F00B69D28 /* User.swift */; };
		491808901BFDE6F500B69D28 /* Timer.swift in Sources */ = {isa = PBXBuildFile; fileRef = 4918088F1BFDE6F500B69D28 /* Timer.swift */; };
		491808911BFDE6F500B69D28 /* Timer.swift in Sources */ = {isa = PBXBuildFile; fileRef = 4918088F1BFDE6F500B69D28 /* Timer.swift */; };
		498F530C1BFE378100BFCA16 /* Project.swift in Sources */ = {isa = PBXBuildFile; fileRef = 498F530B1BFE378100BFCA16 /* Project.swift */; };
		498F530D1BFE378100BFCA16 /* Project.swift in Sources */ = {isa = PBXBuildFile; fileRef = 498F530B1BFE378100BFCA16 /* Project.swift */; };
		49D924D31BFE4B5E00F7E0C2 /* Client.swift in Sources */ = {isa = PBXBuildFile; fileRef = 49D924D21BFE4B5E00F7E0C2 /* Client.swift */; };
		49DBB1DC1BFF963400640F31 /* HarvestKit-OSX.h in Headers */ = {isa = PBXBuildFile; fileRef = 49DBB1DB1BFF963400640F31 /* HarvestKit-OSX.h */; settings = {ATTRIBUTES = (Public, ); }; };
		49DBB1E11BFF966000640F31 /* ThunderRequestMac.framework in Frameworks */ = {isa = PBXBuildFile; fileRef = 491808981BFDE6F600B69D28 /* ThunderRequestMac.framework */; };
		49DBB1E21BFF967600640F31 /* HarvestController.swift in Sources */ = {isa = PBXBuildFile; fileRef = 491808831BFDDEE100B69D28 /* HarvestController.swift */; };
		49DBB1E31BFF967600640F31 /* Client.swift in Sources */ = {isa = PBXBuildFile; fileRef = 49D924D21BFE4B5E00F7E0C2 /* Client.swift */; };
		49DBB1E41BFF967600640F31 /* Timer.swift in Sources */ = {isa = PBXBuildFile; fileRef = 4918088F1BFDE6F500B69D28 /* Timer.swift */; };
		49DBB1E51BFF967600640F31 /* User.swift in Sources */ = {isa = PBXBuildFile; fileRef = 491808861BFDE08F00B69D28 /* User.swift */; };
		49DBB1E61BFF967600640F31 /* Project.swift in Sources */ = {isa = PBXBuildFile; fileRef = 498F530B1BFE378100BFCA16 /* Project.swift */; };
/* End PBXBuildFile section */

/* Begin PBXContainerItemProxy section */
		490D87441BFDDD4800ADE0F1 /* PBXContainerItemProxy */ = {
			isa = PBXContainerItemProxy;
			containerPortal = 490D873E1BFDDD4800ADE0F1 /* ThunderRequest.xcodeproj */;
			proxyType = 2;
			remoteGlobalIDString = C2E5088219C835A300350F00;
			remoteInfo = ThunderRequest;
		};
		490D87461BFDDD4800ADE0F1 /* PBXContainerItemProxy */ = {
			isa = PBXContainerItemProxy;
			containerPortal = 490D873E1BFDDD4800ADE0F1 /* ThunderRequest.xcodeproj */;
			proxyType = 2;
			remoteGlobalIDString = C2E5088D19C835A300350F00;
			remoteInfo = ThunderRequestTests;
		};
		490D87481BFDDD4800ADE0F1 /* PBXContainerItemProxy */ = {
			isa = PBXContainerItemProxy;
			containerPortal = 490D873E1BFDDD4800ADE0F1 /* ThunderRequest.xcodeproj */;
			proxyType = 2;
			remoteGlobalIDString = 49084FD11BD13DBD0012F636;
			remoteInfo = ThunderRequestTV;
		};
		491808971BFDE6F600B69D28 /* PBXContainerItemProxy */ = {
			isa = PBXContainerItemProxy;
			containerPortal = 490D873E1BFDDD4800ADE0F1 /* ThunderRequest.xcodeproj */;
			proxyType = 2;
			remoteGlobalIDString = B1177ED81BBAF18E00372D4D;
			remoteInfo = ThunderRequestMac;
		};
		491808991BFDE6F600B69D28 /* PBXContainerItemProxy */ = {
			isa = PBXContainerItemProxy;
			containerPortal = 490D873E1BFDDD4800ADE0F1 /* ThunderRequest.xcodeproj */;
			proxyType = 2;
			remoteGlobalIDString = B1177EE21BBAF18E00372D4D;
			remoteInfo = ThunderRequestMacTests;
		};
/* End PBXContainerItemProxy section */

/* Begin PBXFileReference section */
		490D87261BFDDCD200ADE0F1 /* HarvestKitiOS.framework */ = {isa = PBXFileReference; explicitFileType = wrapper.framework; includeInIndex = 0; path = HarvestKitiOS.framework; sourceTree = BUILT_PRODUCTS_DIR; };
		490D87291BFDDCD200ADE0F1 /* HarvestKit-iOS.h */ = {isa = PBXFileReference; lastKnownFileType = sourcecode.c.h; path = "HarvestKit-iOS.h"; sourceTree = "<group>"; };
		490D872B1BFDDCD200ADE0F1 /* Info.plist */ = {isa = PBXFileReference; lastKnownFileType = text.plist.xml; path = Info.plist; sourceTree = "<group>"; };
		490D87361BFDDD2F00ADE0F1 /* HarvestKittvOS.framework */ = {isa = PBXFileReference; explicitFileType = wrapper.framework; includeInIndex = 0; path = HarvestKittvOS.framework; sourceTree = BUILT_PRODUCTS_DIR; };
		490D87381BFDDD3000ADE0F1 /* HarvestKit-tvOS.h */ = {isa = PBXFileReference; lastKnownFileType = sourcecode.c.h; path = "HarvestKit-tvOS.h"; sourceTree = "<group>"; };
		490D873A1BFDDD3000ADE0F1 /* Info.plist */ = {isa = PBXFileReference; lastKnownFileType = text.plist.xml; path = Info.plist; sourceTree = "<group>"; };
		490D873E1BFDDD4800ADE0F1 /* ThunderRequest.xcodeproj */ = {isa = PBXFileReference; lastKnownFileType = "wrapper.pb-project"; name = ThunderRequest.xcodeproj; path = ThunderRequest/ThunderRequest.xcodeproj; sourceTree = "<group>"; };
		491808831BFDDEE100B69D28 /* HarvestController.swift */ = {isa = PBXFileReference; fileEncoding = 4; lastKnownFileType = sourcecode.swift; name = HarvestController.swift; path = "HarvestKit-Shared/HarvestController.swift"; sourceTree = "<group>"; };
		491808861BFDE08F00B69D28 /* User.swift */ = {isa = PBXFileReference; fileEncoding = 4; lastKnownFileType = sourcecode.swift; name = User.swift; path = "HarvestKit-Shared/User.swift"; sourceTree = "<group>"; };
		4918088F1BFDE6F500B69D28 /* Timer.swift */ = {isa = PBXFileReference; fileEncoding = 4; lastKnownFileType = sourcecode.swift; name = Timer.swift; path = "HarvestKit-Shared/Timer.swift"; sourceTree = "<group>"; };
		498F530B1BFE378100BFCA16 /* Project.swift */ = {isa = PBXFileReference; fileEncoding = 4; lastKnownFileType = sourcecode.swift; name = Project.swift; path = "HarvestKit-Shared/Project.swift"; sourceTree = "<group>"; };
		49D924D21BFE4B5E00F7E0C2 /* Client.swift */ = {isa = PBXFileReference; fileEncoding = 4; lastKnownFileType = sourcecode.swift; name = Client.swift; path = "HarvestKit-Shared/Client.swift"; sourceTree = "<group>"; };
		49DBB1D91BFF963400640F31 /* HarvestKitOSX.framework */ = {isa = PBXFileReference; explicitFileType = wrapper.framework; includeInIndex = 0; path = HarvestKitOSX.framework; sourceTree = BUILT_PRODUCTS_DIR; };
		49DBB1DB1BFF963400640F31 /* HarvestKit-OSX.h */ = {isa = PBXFileReference; lastKnownFileType = sourcecode.c.h; path = "HarvestKit-OSX.h"; sourceTree = "<group>"; };
		49DBB1DD1BFF963400640F31 /* Info.plist */ = {isa = PBXFileReference; lastKnownFileType = text.plist.xml; path = Info.plist; sourceTree = "<group>"; };
/* End PBXFileReference section */

/* Begin PBXFrameworksBuildPhase section */
		490D87221BFDDCD200ADE0F1 /* Frameworks */ = {
			isa = PBXFrameworksBuildPhase;
			buildActionMask = 2147483647;
			files = (
				4918087D1BFDDDFF00B69D28 /* ThunderRequest.framework in Frameworks */,
			);
			runOnlyForDeploymentPostprocessing = 0;
		};
		490D87321BFDDD2F00ADE0F1 /* Frameworks */ = {
			isa = PBXFrameworksBuildPhase;
			buildActionMask = 2147483647;
			files = (
				4918087E1BFDDE0200B69D28 /* ThunderRequestTV.framework in Frameworks */,
			);
			runOnlyForDeploymentPostprocessing = 0;
		};
		49DBB1D51BFF963400640F31 /* Frameworks */ = {
			isa = PBXFrameworksBuildPhase;
			buildActionMask = 2147483647;
			files = (
				49DBB1E11BFF966000640F31 /* ThunderRequestMac.framework in Frameworks */,
			);
			runOnlyForDeploymentPostprocessing = 0;
		};
/* End PBXFrameworksBuildPhase section */

/* Begin PBXGroup section */
		490D871C1BFDDCD200ADE0F1 = {
			isa = PBXGroup;
			children = (
				491808831BFDDEE100B69D28 /* HarvestController.swift */,
				49D924D21BFE4B5E00F7E0C2 /* Client.swift */,
				4918088F1BFDE6F500B69D28 /* Timer.swift */,
				491808861BFDE08F00B69D28 /* User.swift */,
				498F530B1BFE378100BFCA16 /* Project.swift */,
				490D87281BFDDCD200ADE0F1 /* HarvestKit-iOS */,
				490D87371BFDDD3000ADE0F1 /* HarvestKit-tvOS */,
				49DBB1DA1BFF963400640F31 /* HarvestKit-OSX */,
				490D87271BFDDCD200ADE0F1 /* Products */,
				490D874A1BFDDD4B00ADE0F1 /* Supporting Frameworks */,
			);
			sourceTree = "<group>";
		};
		490D87271BFDDCD200ADE0F1 /* Products */ = {
			isa = PBXGroup;
			children = (
				490D87261BFDDCD200ADE0F1 /* HarvestKitiOS.framework */,
				490D87361BFDDD2F00ADE0F1 /* HarvestKittvOS.framework */,
				49DBB1D91BFF963400640F31 /* HarvestKitOSX.framework */,
			);
			name = Products;
			sourceTree = "<group>";
		};
		490D87281BFDDCD200ADE0F1 /* HarvestKit-iOS */ = {
			isa = PBXGroup;
			children = (
				490D87291BFDDCD200ADE0F1 /* HarvestKit-iOS.h */,
				490D872B1BFDDCD200ADE0F1 /* Info.plist */,
			);
			path = "HarvestKit-iOS";
			sourceTree = "<group>";
		};
		490D87371BFDDD3000ADE0F1 /* HarvestKit-tvOS */ = {
			isa = PBXGroup;
			children = (
				490D87381BFDDD3000ADE0F1 /* HarvestKit-tvOS.h */,
				490D873A1BFDDD3000ADE0F1 /* Info.plist */,
			);
			path = "HarvestKit-tvOS";
			sourceTree = "<group>";
		};
		490D873F1BFDDD4800ADE0F1 /* Products */ = {
			isa = PBXGroup;
			children = (
				490D87451BFDDD4800ADE0F1 /* ThunderRequest.framework */,
				490D87471BFDDD4800ADE0F1 /* ThunderRequestTests.xctest */,
				491808981BFDE6F600B69D28 /* ThunderRequestMac.framework */,
				4918089A1BFDE6F600B69D28 /* ThunderRequestMacTests.xctest */,
				490D87491BFDDD4800ADE0F1 /* ThunderRequestTV.framework */,
			);
			name = Products;
			sourceTree = "<group>";
		};
		490D874A1BFDDD4B00ADE0F1 /* Supporting Frameworks */ = {
			isa = PBXGroup;
			children = (
				490D873E1BFDDD4800ADE0F1 /* ThunderRequest.xcodeproj */,
			);
			name = "Supporting Frameworks";
			sourceTree = "<group>";
		};
		49DBB1DA1BFF963400640F31 /* HarvestKit-OSX */ = {
			isa = PBXGroup;
			children = (
				49DBB1DB1BFF963400640F31 /* HarvestKit-OSX.h */,
				49DBB1DD1BFF963400640F31 /* Info.plist */,
			);
			name = "HarvestKit-OSX";
			path = HarvestKitOSX;
			sourceTree = "<group>";
		};
/* End PBXGroup section */

/* Begin PBXHeadersBuildPhase section */
		490D87231BFDDCD200ADE0F1 /* Headers */ = {
			isa = PBXHeadersBuildPhase;
			buildActionMask = 2147483647;
			files = (
				490D872A1BFDDCD200ADE0F1 /* HarvestKit-iOS.h in Headers */,
			);
			runOnlyForDeploymentPostprocessing = 0;
		};
		490D87331BFDDD2F00ADE0F1 /* Headers */ = {
			isa = PBXHeadersBuildPhase;
			buildActionMask = 2147483647;
			files = (
				490D87391BFDDD3000ADE0F1 /* HarvestKit-tvOS.h in Headers */,
			);
			runOnlyForDeploymentPostprocessing = 0;
		};
		49DBB1D61BFF963400640F31 /* Headers */ = {
			isa = PBXHeadersBuildPhase;
			buildActionMask = 2147483647;
			files = (
				49DBB1DC1BFF963400640F31 /* HarvestKit-OSX.h in Headers */,
			);
			runOnlyForDeploymentPostprocessing = 0;
		};
/* End PBXHeadersBuildPhase section */

/* Begin PBXNativeTarget section */
		490D87251BFDDCD200ADE0F1 /* HarvestKitiOS */ = {
			isa = PBXNativeTarget;
			buildConfigurationList = 490D872E1BFDDCD200ADE0F1 /* Build configuration list for PBXNativeTarget "HarvestKitiOS" */;
			buildPhases = (
				490D87211BFDDCD200ADE0F1 /* Sources */,
				490D87221BFDDCD200ADE0F1 /* Frameworks */,
				490D87231BFDDCD200ADE0F1 /* Headers */,
				490D87241BFDDCD200ADE0F1 /* Resources */,
			);
			buildRules = (
			);
			dependencies = (
			);
			name = HarvestKitiOS;
			productName = HarvestKit;
			productReference = 490D87261BFDDCD200ADE0F1 /* HarvestKitiOS.framework */;
			productType = "com.apple.product-type.framework";
		};
		490D87351BFDDD2F00ADE0F1 /* HarvestKittvOS */ = {
			isa = PBXNativeTarget;
			buildConfigurationList = 490D873D1BFDDD3000ADE0F1 /* Build configuration list for PBXNativeTarget "HarvestKittvOS" */;
			buildPhases = (
				490D87311BFDDD2F00ADE0F1 /* Sources */,
				490D87321BFDDD2F00ADE0F1 /* Frameworks */,
				490D87331BFDDD2F00ADE0F1 /* Headers */,
				490D87341BFDDD2F00ADE0F1 /* Resources */,
			);
			buildRules = (
			);
			dependencies = (
			);
			name = HarvestKittvOS;
			productName = HarvestKitTV;
			productReference = 490D87361BFDDD2F00ADE0F1 /* HarvestKittvOS.framework */;
			productType = "com.apple.product-type.framework";
		};
		49DBB1D81BFF963400640F31 /* HarvestKitOSX */ = {
			isa = PBXNativeTarget;
			buildConfigurationList = 49DBB1DE1BFF963400640F31 /* Build configuration list for PBXNativeTarget "HarvestKitOSX" */;
			buildPhases = (
				49DBB1D41BFF963400640F31 /* Sources */,
				49DBB1D51BFF963400640F31 /* Frameworks */,
				49DBB1D61BFF963400640F31 /* Headers */,
				49DBB1D71BFF963400640F31 /* Resources */,
			);
			buildRules = (
			);
			dependencies = (
			);
			name = HarvestKitOSX;
			productName = HarvestKitOSX;
			productReference = 49DBB1D91BFF963400640F31 /* HarvestKitOSX.framework */;
			productType = "com.apple.product-type.framework";
		};
/* End PBXNativeTarget section */

/* Begin PBXProject section */
		490D871D1BFDDCD200ADE0F1 /* Project object */ = {
			isa = PBXProject;
			attributes = {
				LastUpgradeCheck = 0710;
				ORGANIZATIONNAME = "Matt Cheetham";
				TargetAttributes = {
					490D87251BFDDCD200ADE0F1 = {
						CreatedOnToolsVersion = 7.1.1;
					};
					490D87351BFDDD2F00ADE0F1 = {
						CreatedOnToolsVersion = 7.1.1;
					};
					49DBB1D81BFF963400640F31 = {
						CreatedOnToolsVersion = 7.1.1;
					};
				};
			};
			buildConfigurationList = 490D87201BFDDCD200ADE0F1 /* Build configuration list for PBXProject "HarvestKit" */;
			compatibilityVersion = "Xcode 3.2";
			developmentRegion = English;
			hasScannedForEncodings = 0;
			knownRegions = (
				en,
			);
			mainGroup = 490D871C1BFDDCD200ADE0F1;
			productRefGroup = 490D87271BFDDCD200ADE0F1 /* Products */;
			projectDirPath = "";
			projectReferences = (
				{
					ProductGroup = 490D873F1BFDDD4800ADE0F1 /* Products */;
					ProjectRef = 490D873E1BFDDD4800ADE0F1 /* ThunderRequest.xcodeproj */;
				},
			);
			projectRoot = "";
			targets = (
				490D87251BFDDCD200ADE0F1 /* HarvestKitiOS */,
				490D87351BFDDD2F00ADE0F1 /* HarvestKittvOS */,
				49DBB1D81BFF963400640F31 /* HarvestKitOSX */,
			);
		};
/* End PBXProject section */

/* Begin PBXReferenceProxy section */
		490D87451BFDDD4800ADE0F1 /* ThunderRequest.framework */ = {
			isa = PBXReferenceProxy;
			fileType = wrapper.framework;
			path = ThunderRequest.framework;
			remoteRef = 490D87441BFDDD4800ADE0F1 /* PBXContainerItemProxy */;
			sourceTree = BUILT_PRODUCTS_DIR;
		};
		490D87471BFDDD4800ADE0F1 /* ThunderRequestTests.xctest */ = {
			isa = PBXReferenceProxy;
			fileType = wrapper.cfbundle;
			path = ThunderRequestTests.xctest;
			remoteRef = 490D87461BFDDD4800ADE0F1 /* PBXContainerItemProxy */;
			sourceTree = BUILT_PRODUCTS_DIR;
		};
		490D87491BFDDD4800ADE0F1 /* ThunderRequestTV.framework */ = {
			isa = PBXReferenceProxy;
			fileType = wrapper.framework;
			path = ThunderRequestTV.framework;
			remoteRef = 490D87481BFDDD4800ADE0F1 /* PBXContainerItemProxy */;
			sourceTree = BUILT_PRODUCTS_DIR;
		};
		491808981BFDE6F600B69D28 /* ThunderRequestMac.framework */ = {
			isa = PBXReferenceProxy;
			fileType = wrapper.framework;
			path = ThunderRequestMac.framework;
			remoteRef = 491808971BFDE6F600B69D28 /* PBXContainerItemProxy */;
			sourceTree = BUILT_PRODUCTS_DIR;
		};
		4918089A1BFDE6F600B69D28 /* ThunderRequestMacTests.xctest */ = {
			isa = PBXReferenceProxy;
			fileType = wrapper.cfbundle;
			path = ThunderRequestMacTests.xctest;
			remoteRef = 491808991BFDE6F600B69D28 /* PBXContainerItemProxy */;
			sourceTree = BUILT_PRODUCTS_DIR;
		};
/* End PBXReferenceProxy section */

/* Begin PBXResourcesBuildPhase section */
		490D87241BFDDCD200ADE0F1 /* Resources */ = {
			isa = PBXResourcesBuildPhase;
			buildActionMask = 2147483647;
			files = (
			);
			runOnlyForDeploymentPostprocessing = 0;
		};
		490D87341BFDDD2F00ADE0F1 /* Resources */ = {
			isa = PBXResourcesBuildPhase;
			buildActionMask = 2147483647;
			files = (
			);
			runOnlyForDeploymentPostprocessing = 0;
		};
		49DBB1D71BFF963400640F31 /* Resources */ = {
			isa = PBXResourcesBuildPhase;
			buildActionMask = 2147483647;
			files = (
			);
			runOnlyForDeploymentPostprocessing = 0;
		};
/* End PBXResourcesBuildPhase section */

/* Begin PBXSourcesBuildPhase section */
		490D87211BFDDCD200ADE0F1 /* Sources */ = {
			isa = PBXSourcesBuildPhase;
			buildActionMask = 2147483647;
			files = (
				491808901BFDE6F500B69D28 /* Timer.swift in Sources */,
				491808871BFDE08F00B69D28 /* User.swift in Sources */,
				491808841BFDDEE100B69D28 /* HarvestController.swift in Sources */,
				49D924D31BFE4B5E00F7E0C2 /* Client.swift in Sources */,
				498F530C1BFE378100BFCA16 /* Project.swift in Sources */,
			);
			runOnlyForDeploymentPostprocessing = 0;
		};
		490D87311BFDDD2F00ADE0F1 /* Sources */ = {
			isa = PBXSourcesBuildPhase;
			buildActionMask = 2147483647;
			files = (
				491808911BFDE6F500B69D28 /* Timer.swift in Sources */,
				491808881BFDE08F00B69D28 /* User.swift in Sources */,
				491808851BFDDEE100B69D28 /* HarvestController.swift in Sources */,
				4903DC341BFF45FB0090B2CF /* Client.swift in Sources */,
				498F530D1BFE378100BFCA16 /* Project.swift in Sources */,
			);
			runOnlyForDeploymentPostprocessing = 0;
		};
		49DBB1D41BFF963400640F31 /* Sources */ = {
			isa = PBXSourcesBuildPhase;
			buildActionMask = 2147483647;
			files = (
				49DBB1E51BFF967600640F31 /* User.swift in Sources */,
				49DBB1E41BFF967600640F31 /* Timer.swift in Sources */,
				49DBB1E31BFF967600640F31 /* Client.swift in Sources */,
				49DBB1E61BFF967600640F31 /* Project.swift in Sources */,
				49DBB1E21BFF967600640F31 /* HarvestController.swift in Sources */,
			);
			runOnlyForDeploymentPostprocessing = 0;
		};
/* End PBXSourcesBuildPhase section */

/* Begin XCBuildConfiguration section */
		490D872C1BFDDCD200ADE0F1 /* Debug */ = {
			isa = XCBuildConfiguration;
			buildSettings = {
				ALWAYS_SEARCH_USER_PATHS = NO;
				CLANG_CXX_LANGUAGE_STANDARD = "gnu++0x";
				CLANG_CXX_LIBRARY = "libc++";
				CLANG_ENABLE_MODULES = YES;
				CLANG_ENABLE_OBJC_ARC = YES;
				CLANG_WARN_BOOL_CONVERSION = YES;
				CLANG_WARN_CONSTANT_CONVERSION = YES;
				CLANG_WARN_DIRECT_OBJC_ISA_USAGE = YES_ERROR;
				CLANG_WARN_EMPTY_BODY = YES;
				CLANG_WARN_ENUM_CONVERSION = YES;
				CLANG_WARN_INT_CONVERSION = YES;
				CLANG_WARN_OBJC_ROOT_CLASS = YES_ERROR;
				CLANG_WARN_UNREACHABLE_CODE = YES;
				CLANG_WARN__DUPLICATE_METHOD_MATCH = YES;
				"CODE_SIGN_IDENTITY[sdk=iphoneos*]" = "iPhone Developer";
				COPY_PHASE_STRIP = NO;
				CURRENT_PROJECT_VERSION = 1;
				DEBUG_INFORMATION_FORMAT = dwarf;
				ENABLE_STRICT_OBJC_MSGSEND = YES;
				ENABLE_TESTABILITY = YES;
				GCC_C_LANGUAGE_STANDARD = gnu99;
				GCC_DYNAMIC_NO_PIC = NO;
				GCC_NO_COMMON_BLOCKS = YES;
				GCC_OPTIMIZATION_LEVEL = 0;
				GCC_PREPROCESSOR_DEFINITIONS = (
					"DEBUG=1",
					"$(inherited)",
				);
				GCC_WARN_64_TO_32_BIT_CONVERSION = YES;
				GCC_WARN_ABOUT_RETURN_TYPE = YES_ERROR;
				GCC_WARN_UNDECLARED_SELECTOR = YES;
				GCC_WARN_UNINITIALIZED_AUTOS = YES_AGGRESSIVE;
				GCC_WARN_UNUSED_FUNCTION = YES;
				GCC_WARN_UNUSED_VARIABLE = YES;
				IPHONEOS_DEPLOYMENT_TARGET = 9.1;
				MTL_ENABLE_DEBUG_INFO = YES;
				ONLY_ACTIVE_ARCH = YES;
				SDKROOT = iphoneos;
				SWIFT_OPTIMIZATION_LEVEL = "-Onone";
				TARGETED_DEVICE_FAMILY = "1,2";
				VERSIONING_SYSTEM = "apple-generic";
				VERSION_INFO_PREFIX = "";
			};
			name = Debug;
		};
		490D872D1BFDDCD200ADE0F1 /* Release */ = {
			isa = XCBuildConfiguration;
			buildSettings = {
				ALWAYS_SEARCH_USER_PATHS = NO;
				CLANG_CXX_LANGUAGE_STANDARD = "gnu++0x";
				CLANG_CXX_LIBRARY = "libc++";
				CLANG_ENABLE_MODULES = YES;
				CLANG_ENABLE_OBJC_ARC = YES;
				CLANG_WARN_BOOL_CONVERSION = YES;
				CLANG_WARN_CONSTANT_CONVERSION = YES;
				CLANG_WARN_DIRECT_OBJC_ISA_USAGE = YES_ERROR;
				CLANG_WARN_EMPTY_BODY = YES;
				CLANG_WARN_ENUM_CONVERSION = YES;
				CLANG_WARN_INT_CONVERSION = YES;
				CLANG_WARN_OBJC_ROOT_CLASS = YES_ERROR;
				CLANG_WARN_UNREACHABLE_CODE = YES;
				CLANG_WARN__DUPLICATE_METHOD_MATCH = YES;
				"CODE_SIGN_IDENTITY[sdk=iphoneos*]" = "iPhone Developer";
				COPY_PHASE_STRIP = NO;
				CURRENT_PROJECT_VERSION = 1;
				DEBUG_INFORMATION_FORMAT = "dwarf-with-dsym";
				ENABLE_NS_ASSERTIONS = NO;
				ENABLE_STRICT_OBJC_MSGSEND = YES;
				GCC_C_LANGUAGE_STANDARD = gnu99;
				GCC_NO_COMMON_BLOCKS = YES;
				GCC_WARN_64_TO_32_BIT_CONVERSION = YES;
				GCC_WARN_ABOUT_RETURN_TYPE = YES_ERROR;
				GCC_WARN_UNDECLARED_SELECTOR = YES;
				GCC_WARN_UNINITIALIZED_AUTOS = YES_AGGRESSIVE;
				GCC_WARN_UNUSED_FUNCTION = YES;
				GCC_WARN_UNUSED_VARIABLE = YES;
				IPHONEOS_DEPLOYMENT_TARGET = 9.1;
				MTL_ENABLE_DEBUG_INFO = NO;
				SDKROOT = iphoneos;
				TARGETED_DEVICE_FAMILY = "1,2";
				VALIDATE_PRODUCT = YES;
				VERSIONING_SYSTEM = "apple-generic";
				VERSION_INFO_PREFIX = "";
			};
			name = Release;
		};
		490D872F1BFDDCD200ADE0F1 /* Debug */ = {
			isa = XCBuildConfiguration;
			buildSettings = {
				CLANG_ENABLE_MODULES = YES;
				DEFINES_MODULE = YES;
				DYLIB_COMPATIBILITY_VERSION = 1;
				DYLIB_CURRENT_VERSION = 1;
				DYLIB_INSTALL_NAME_BASE = "@rpath";
				INFOPLIST_FILE = "HarvestKit-iOS/Info.plist";
				INSTALL_PATH = "$(LOCAL_LIBRARY_DIR)/Frameworks";
				LD_RUNPATH_SEARCH_PATHS = "$(inherited) @executable_path/Frameworks @loader_path/Frameworks";
				PRODUCT_BUNDLE_IDENTIFIER = co.uk.mattcheetham.HarvestKit;
				PRODUCT_NAME = "$(TARGET_NAME)";
				SKIP_INSTALL = YES;
				SWIFT_OPTIMIZATION_LEVEL = "-Onone";
			};
			name = Debug;
		};
		490D87301BFDDCD200ADE0F1 /* Release */ = {
			isa = XCBuildConfiguration;
			buildSettings = {
				CLANG_ENABLE_MODULES = YES;
				DEFINES_MODULE = YES;
				DYLIB_COMPATIBILITY_VERSION = 1;
				DYLIB_CURRENT_VERSION = 1;
				DYLIB_INSTALL_NAME_BASE = "@rpath";
				INFOPLIST_FILE = "HarvestKit-iOS/Info.plist";
				INSTALL_PATH = "$(LOCAL_LIBRARY_DIR)/Frameworks";
				LD_RUNPATH_SEARCH_PATHS = "$(inherited) @executable_path/Frameworks @loader_path/Frameworks";
				PRODUCT_BUNDLE_IDENTIFIER = co.uk.mattcheetham.HarvestKit;
				PRODUCT_NAME = "$(TARGET_NAME)";
				SKIP_INSTALL = YES;
			};
			name = Release;
		};
		490D873B1BFDDD3000ADE0F1 /* Debug */ = {
			isa = XCBuildConfiguration;
			buildSettings = {
				CLANG_ENABLE_MODULES = YES;
				DEFINES_MODULE = YES;
				DYLIB_COMPATIBILITY_VERSION = 1;
				DYLIB_CURRENT_VERSION = 1;
				DYLIB_INSTALL_NAME_BASE = "@rpath";
				INFOPLIST_FILE = "HarvestKit-tvOS/Info.plist";
				INSTALL_PATH = "$(LOCAL_LIBRARY_DIR)/Frameworks";
				LD_RUNPATH_SEARCH_PATHS = "$(inherited) @executable_path/Frameworks @loader_path/Frameworks";
				PRODUCT_BUNDLE_IDENTIFIER = co.uk.mattcheetham.HarvestKitTV;
				PRODUCT_NAME = "$(TARGET_NAME)";
				SDKROOT = appletvos;
				SKIP_INSTALL = YES;
				SWIFT_OPTIMIZATION_LEVEL = "-Onone";
				TARGETED_DEVICE_FAMILY = 3;
				TVOS_DEPLOYMENT_TARGET = 9.0;
			};
			name = Debug;
		};
		490D873C1BFDDD3000ADE0F1 /* Release */ = {
			isa = XCBuildConfiguration;
			buildSettings = {
				CLANG_ENABLE_MODULES = YES;
				DEFINES_MODULE = YES;
				DYLIB_COMPATIBILITY_VERSION = 1;
				DYLIB_CURRENT_VERSION = 1;
				DYLIB_INSTALL_NAME_BASE = "@rpath";
				INFOPLIST_FILE = "HarvestKit-tvOS/Info.plist";
				INSTALL_PATH = "$(LOCAL_LIBRARY_DIR)/Frameworks";
				LD_RUNPATH_SEARCH_PATHS = "$(inherited) @executable_path/Frameworks @loader_path/Frameworks";
				PRODUCT_BUNDLE_IDENTIFIER = co.uk.mattcheetham.HarvestKitTV;
				PRODUCT_NAME = "$(TARGET_NAME)";
				SDKROOT = appletvos;
				SKIP_INSTALL = YES;
				TARGETED_DEVICE_FAMILY = 3;
				TVOS_DEPLOYMENT_TARGET = 9.0;
			};
			name = Release;
		};
		49DBB1DF1BFF963400640F31 /* Debug */ = {
			isa = XCBuildConfiguration;
			buildSettings = {
				CODE_SIGN_IDENTITY = "-";
				COMBINE_HIDPI_IMAGES = YES;
				DEFINES_MODULE = YES;
				DYLIB_COMPATIBILITY_VERSION = 1;
				DYLIB_CURRENT_VERSION = 1;
				DYLIB_INSTALL_NAME_BASE = "@rpath";
				FRAMEWORK_VERSION = A;
				INFOPLIST_FILE = HarvestKitOSX/Info.plist;
				INSTALL_PATH = "$(LOCAL_LIBRARY_DIR)/Frameworks";
				LD_RUNPATH_SEARCH_PATHS = "$(inherited) @executable_path/../Frameworks @loader_path/Frameworks";
				MACOSX_DEPLOYMENT_TARGET = 10.10;
				PRODUCT_BUNDLE_IDENTIFIER = co.uk.mattcheetham.HarvestKitOSX;
				PRODUCT_NAME = "$(TARGET_NAME)";
				SDKROOT = macosx;
				SKIP_INSTALL = YES;
			};
			name = Debug;
		};
		49DBB1E01BFF963400640F31 /* Release */ = {
			isa = XCBuildConfiguration;
			buildSettings = {
				CODE_SIGN_IDENTITY = "-";
				COMBINE_HIDPI_IMAGES = YES;
				DEFINES_MODULE = YES;
				DYLIB_COMPATIBILITY_VERSION = 1;
				DYLIB_CURRENT_VERSION = 1;
				DYLIB_INSTALL_NAME_BASE = "@rpath";
				FRAMEWORK_VERSION = A;
				INFOPLIST_FILE = HarvestKitOSX/Info.plist;
				INSTALL_PATH = "$(LOCAL_LIBRARY_DIR)/Frameworks";
				LD_RUNPATH_SEARCH_PATHS = "$(inherited) @executable_path/../Frameworks @loader_path/Frameworks";
				MACOSX_DEPLOYMENT_TARGET = 10.10;
				PRODUCT_BUNDLE_IDENTIFIER = co.uk.mattcheetham.HarvestKitOSX;
				PRODUCT_NAME = "$(TARGET_NAME)";
				SDKROOT = macosx;
				SKIP_INSTALL = YES;
			};
			name = Release;
		};
/* End XCBuildConfiguration section */

/* Begin XCConfigurationList section */
		490D87201BFDDCD200ADE0F1 /* Build configuration list for PBXProject "HarvestKit" */ = {
			isa = XCConfigurationList;
			buildConfigurations = (
				490D872C1BFDDCD200ADE0F1 /* Debug */,
				490D872D1BFDDCD200ADE0F1 /* Release */,
			);
			defaultConfigurationIsVisible = 0;
			defaultConfigurationName = Release;
		};
		490D872E1BFDDCD200ADE0F1 /* Build configuration list for PBXNativeTarget "HarvestKitiOS" */ = {
			isa = XCConfigurationList;
			buildConfigurations = (
				490D872F1BFDDCD200ADE0F1 /* Debug */,
				490D87301BFDDCD200ADE0F1 /* Release */,
			);
			defaultConfigurationIsVisible = 0;
			defaultConfigurationName = Release;
		};
		490D873D1BFDDD3000ADE0F1 /* Build configuration list for PBXNativeTarget "HarvestKittvOS" */ = {
			isa = XCConfigurationList;
			buildConfigurations = (
				490D873B1BFDDD3000ADE0F1 /* Debug */,
				490D873C1BFDDD3000ADE0F1 /* Release */,
			);
			defaultConfigurationIsVisible = 0;
			defaultConfigurationName = Release;
		};
		49DBB1DE1BFF963400640F31 /* Build configuration list for PBXNativeTarget "HarvestKitOSX" */ = {
			isa = XCConfigurationList;
			buildConfigurations = (
				49DBB1DF1BFF963400640F31 /* Debug */,
				49DBB1E01BFF963400640F31 /* Release */,
			);
			defaultConfigurationIsVisible = 0;
			defaultConfigurationName = Release;
		};
/* End XCConfigurationList section */
	};
	rootObject = 490D871D1BFDDCD200ADE0F1 /* Project object */;
}
